<?xml version="1.0" encoding="utf-8"?>
<Project ToolsVersion="4.0" xmlns="http://schemas.microsoft.com/developer/msbuild/2003">
  <ItemGroup>
    <Filter Include="Header Files">
      <UniqueIdentifier>{93995380-89BD-4b04-88EB-625FBE52EBFB}</UniqueIdentifier>
      <Extensions>h;hpp;hxx;hm;inl;inc;xsd</Extensions>
    </Filter>
    <Filter Include="Source Files">
      <UniqueIdentifier>{4FC737F1-C7A5-4376-A066-2A32D752A2FF}</UniqueIdentifier>
      <Extensions>cpp;c;cc;cxx;def;odl;idl;hpj;bat;asm;asmx</Extensions>
    </Filter>
  </ItemGroup>
  <ItemGroup>
    <ClCompile Include="AssemblyInfo.cpp">
      <Filter>Source Files</Filter>
    </ClCompile>
    <ClCompile Include="src\H5.cpp">
      <Filter>Source Files</Filter>
    </ClCompile>
    <ClCompile Include="src\H5A.cpp">
      <Filter>Source Files</Filter>
    </ClCompile>
    <ClCompile Include="src\H5Array.cpp">
      <Filter>Source Files</Filter>
    </ClCompile>
    <ClCompile Include="src\H5AttributeId.cpp">
      <Filter>Source Files</Filter>
    </ClCompile>
    <ClCompile Include="src\H5D.cpp">
      <Filter>Source Files</Filter>
    </ClCompile>
    <ClCompile Include="src\H5DataSetId.cpp">
      <Filter>Source Files</Filter>
    </ClCompile>
    <ClCompile Include="src\H5DataSpaceId.cpp">
      <Filter>Source Files</Filter>
    </ClCompile>
    <ClCompile Include="src\H5DataTypeId.cpp">
      <Filter>Source Files</Filter>
    </ClCompile>
    <ClCompile Include="src\H5E.cpp">
      <Filter>Source Files</Filter>
    </ClCompile>
    <ClCompile Include="src\H5F.cpp">
      <Filter>Source Files</Filter>
    </ClCompile>
    <ClCompile Include="src\H5FileId.cpp">
      <Filter>Source Files</Filter>
    </ClCompile>
    <ClCompile Include="src\H5G.cpp">
      <Filter>Source Files</Filter>
    </ClCompile>
    <ClCompile Include="src\H5GroupId.cpp">
      <Filter>Source Files</Filter>
    </ClCompile>
    <ClCompile Include="src\H5I.cpp">
      <Filter>Source Files</Filter>
    </ClCompile>
    <ClCompile Include="src\H5L.cpp">
      <Filter>Source Files</Filter>
    </ClCompile>
    <ClCompile Include="src\H5Memory.cpp">
      <Filter>Source Files</Filter>
    </ClCompile>
    <ClCompile Include="src\H5O.cpp">
      <Filter>Source Files</Filter>
    </ClCompile>
    <ClCompile Include="src\H5ObjectId.cpp">
      <Filter>Source Files</Filter>
    </ClCompile>
    <ClCompile Include="src\H5ObjectInfo.cpp">
      <Filter>Source Files</Filter>
    </ClCompile>
    <ClCompile Include="src\H5P.cpp">
      <Filter>Source Files</Filter>
    </ClCompile>
    <ClCompile Include="src\H5PropertyListId.cpp">
      <Filter>Source Files</Filter>
    </ClCompile>
    <ClCompile Include="src\H5R.cpp">
      <Filter>Source Files</Filter>
    </ClCompile>
    <ClCompile Include="src\H5S.cpp">
      <Filter>Source Files</Filter>
    </ClCompile>
    <ClCompile Include="src\H5T.cpp">
      <Filter>Source Files</Filter>
    </ClCompile>
    <ClCompile Include="src\H5TB.cpp">
      <Filter>Source Files</Filter>
    </ClCompile>
    <ClCompile Include="src\HDFException.cpp">
      <Filter>Source Files</Filter>
    </ClCompile>
    <ClCompile Include="src\HDFExceptionSubclasses.cpp">
      <Filter>Source Files</Filter>
    </ClCompile>
    <ClCompile Include="src\Header.cpp">
      <Filter>Source Files</Filter>
    </ClCompile>
    <ClCompile Include="src\IhInfo.cpp">
      <Filter>Source Files</Filter>
    </ClCompile>
    <ClCompile Include="src\Message.cpp">
      <Filter>Source Files</Filter>
    </ClCompile>
    <ClCompile Include="src\MetaSize.cpp">
      <Filter>Source Files</Filter>
    </ClCompile>
    <ClCompile Include="src\ObjectReference.cpp">
      <Filter>Source Files</Filter>
    </ClCompile>
    <ClCompile Include="src\RegionReference.cpp">
      <Filter>Source Files</Filter>
    </ClCompile>
    <ClCompile Include="src\Space.cpp">
      <Filter>Source Files</Filter>
    </ClCompile>
    <ClCompile Include="src\UnmanagedMemoryStream.cpp">
      <Filter>Source Files</Filter>
    </ClCompile>
  </ItemGroup>
  <ItemGroup>
    <ClInclude Include="headers\H5.h">
      <Filter>Header Files</Filter>
    </ClInclude>
    <ClInclude Include="headers\H5A.h">
      <Filter>Header Files</Filter>
    </ClInclude>
    <ClInclude Include="headers\H5AIterateCallback.h">
      <Filter>Header Files</Filter>
    </ClInclude>
    <ClInclude Include="headers\H5AllocCallback.h">
      <Filter>Header Files</Filter>
    </ClInclude>
    <ClInclude Include="headers\H5Array.h">
      <Filter>Header Files</Filter>
    </ClInclude>
    <ClInclude Include="headers\H5AttributeId.h">
      <Filter>Header Files</Filter>
    </ClInclude>
    <ClInclude Include="headers\H5AttributeInfo.h">
      <Filter>Header Files</Filter>
    </ClInclude>
    <ClInclude Include="headers\H5AutoCallback.h">
      <Filter>Header Files</Filter>
    </ClInclude>
    <ClInclude Include="headers\H5D.h">
      <Filter>Header Files</Filter>
    </ClInclude>
    <ClInclude Include="headers\H5DataSetId.h">
      <Filter>Header Files</Filter>
    </ClInclude>
    <ClInclude Include="headers\H5DataSpaceId.h">
      <Filter>Header Files</Filter>
    </ClInclude>
    <ClInclude Include="headers\H5DataTypeId.h">
      <Filter>Header Files</Filter>
    </ClInclude>
    <ClInclude Include="headers\H5E.h">
      <Filter>Header Files</Filter>
    </ClInclude>
    <ClInclude Include="headers\H5F.h">
      <Filter>Header Files</Filter>
    </ClInclude>
    <ClInclude Include="headers\H5FileId.h">
      <Filter>Header Files</Filter>
    </ClInclude>
    <ClInclude Include="headers\H5FileOrGroupId.h">
      <Filter>Header Files</Filter>
    </ClInclude>
    <ClInclude Include="headers\H5FloatingBitFields.h">
      <Filter>Header Files</Filter>
    </ClInclude>
    <ClInclude Include="headers\H5FreeCallback.h">
      <Filter>Header Files</Filter>
    </ClInclude>
    <ClInclude Include="headers\H5G.h">
      <Filter>Header Files</Filter>
    </ClInclude>
    <ClInclude Include="headers\H5GInfo.h">
      <Filter>Header Files</Filter>
    </ClInclude>
    <ClInclude Include="headers\H5GIterateCallback.h">
      <Filter>Header Files</Filter>
    </ClInclude>
    <ClInclude Include="headers\H5GroupId.h">
      <Filter>Header Files</Filter>
    </ClInclude>
    <ClInclude Include="headers\H5GStorageType.h">
      <Filter>Header Files</Filter>
    </ClInclude>
    <ClInclude Include="headers\H5GType.h">
      <Filter>Header Files</Filter>
    </ClInclude>
    <ClInclude Include="headers\H5I.h">
      <Filter>Header Files</Filter>
    </ClInclude>
    <ClInclude Include="headers\H5Id.h">
      <Filter>Header Files</Filter>
    </ClInclude>
    <ClInclude Include="headers\H5IndexType.h">
      <Filter>Header Files</Filter>
    </ClInclude>
    <ClInclude Include="headers\H5IterationOrder.h">
      <Filter>Header Files</Filter>
    </ClInclude>
    <ClInclude Include="headers\H5IterationResult.h">
      <Filter>Header Files</Filter>
    </ClInclude>
    <ClInclude Include="headers\H5L.h">
      <Filter>Header Files</Filter>
    </ClInclude>
    <ClInclude Include="headers\H5LinkInfo.h">
      <Filter>Header Files</Filter>
    </ClInclude>
    <ClInclude Include="headers\H5LIterateCallback.h">
      <Filter>Header Files</Filter>
    </ClInclude>
    <ClInclude Include="headers\H5LocId.h">
      <Filter>Header Files</Filter>
    </ClInclude>
    <ClInclude Include="headers\H5Memory.h">
      <Filter>Header Files</Filter>
    </ClInclude>
    <ClInclude Include="headers\H5O.h">
      <Filter>Header Files</Filter>
    </ClInclude>
    <ClInclude Include="headers\H5ObjectId.h">
      <Filter>Header Files</Filter>
    </ClInclude>
    <ClInclude Include="headers\H5ObjectInfo.h">
      <Filter>Header Files</Filter>
    </ClInclude>
    <ClInclude Include="headers\H5ObjectType.h">
      <Filter>Header Files</Filter>
    </ClInclude>
    <ClInclude Include="headers\H5ObjectWithAttributes.h">
      <Filter>Header Files</Filter>
    </ClInclude>
    <ClInclude Include="headers\H5P.h">
      <Filter>Header Files</Filter>
    </ClInclude>
    <ClInclude Include="headers\H5PropertyListId.h">
      <Filter>Header Files</Filter>
    </ClInclude>
    <ClInclude Include="headers\H5R.h">
      <Filter>Header Files</Filter>
    </ClInclude>
    <ClInclude Include="headers\H5S.h">
      <Filter>Header Files</Filter>
    </ClInclude>
    <ClInclude Include="headers\H5T.h">
      <Filter>Header Files</Filter>
    </ClInclude>
    <ClInclude Include="headers\H5TB.h">
      <Filter>Header Files</Filter>
    </ClInclude>
    <ClInclude Include="headers\HDFException.h">
      <Filter>Header Files</Filter>
    </ClInclude>
    <ClInclude Include="headers\HDFExceptionSubclasses.h">
      <Filter>Header Files</Filter>
    </ClInclude>
    <ClInclude Include="headers\Header.h">
      <Filter>Header Files</Filter>
    </ClInclude>
    <ClInclude Include="headers\hvl_t.h">
      <Filter>Header Files</Filter>
    </ClInclude>
    <ClInclude Include="headers\IhInfo.h">
      <Filter>Header Files</Filter>
    </ClInclude>
    <ClInclude Include="headers\IntPtrAux.h">
      <Filter>Header Files</Filter>
    </ClInclude>
    <ClInclude Include="headers\LibraryVersion.h">
      <Filter>Header Files</Filter>
    </ClInclude>
    <ClInclude Include="headers\LinkType.h">
      <Filter>Header Files</Filter>
    </ClInclude>
    <ClInclude Include="headers\Message.h">
      <Filter>Header Files</Filter>
    </ClInclude>
    <ClInclude Include="headers\MetaSize.h">
      <Filter>Header Files</Filter>
    </ClInclude>
    <ClInclude Include="headers\ObjectInfo.h">
      <Filter>Header Files</Filter>
    </ClInclude>
    <ClInclude Include="headers\ObjectReference.h">
      <Filter>Header Files</Filter>
    </ClInclude>
    <ClInclude Include="headers\RegionReference.h">
      <Filter>Header Files</Filter>
    </ClInclude>
    <ClInclude Include="headers\Space.h">
      <Filter>Header Files</Filter>
    </ClInclude>
    <ClInclude Include="headers\TableFieldInfo.h">
      <Filter>Header Files</Filter>
    </ClInclude>
    <ClInclude Include="headers\TableInfo.h">
      <Filter>Header Files</Filter>
    </ClInclude>
    <ClInclude Include="headers\UnmanagedMemoryStream.h">
      <Filter>Header Files</Filter>
    </ClInclude>
    <ClInclude Include="headers\VLen.h">
      <Filter>Header Files</Filter>
    </ClInclude>
    <ClInclude Include="headers\HDF5_Native.h">
      <Filter>Header Files</Filter>
    </ClInclude>
  </ItemGroup>
</Project>